
Microsoft Visual Studio Solution File, Format Version 12.00
# Visual Studio Version 16
VisualStudioVersion = 16.0.33214.272
MinimumVisualStudioVersion = 10.0.40219.1
Project("{F184B08F-C81C-45F6-A57F-5ABD9991F28F}") = "Burger_Specials", "Burger_Specials\Burger_Specials.vbproj", "{6792DEFF-1770-4A93-A2AF-B67F1324F3C9}"
EndProject
Global
	GlobalSection(SolutionConfigurationPlatforms) = preSolution
		Debug|Any CPU = Debug|Any CPU
		Release|Any CPU = Release|Any CPU
	EndGlobalSection
	GlobalSection(ProjectConfigurationPlatforms) = postSolution
		{6792DEFF-1770-4A93-A2AF-B67F1324F3C9}.Debug|Any CPU.ActiveCfg = Debug|Any CPU
		{6792DEFF-1770-4A93-A2AF-B67F1324F3C9}.Debug|Any CPU.Build.0 = Debug|Any CPU
		{6792DEFF-1770-4A93-A2AF-B67F1324F3C9}.Release|Any CPU.ActiveCfg = Release|Any CPU
		{6792DEFF-1770-4A93-A2AF-B67F1324F3C9}.Release|Any CPU.Build.0 = Release|Any CPU
	EndGlobalSection
	GlobalSection(SolutionProperties) = preSolution
		HideSolutionNode = FALSE
	EndGlobalSection
	GlobalSection(ExtensibilityGlobals) = postSolution
		SolutionGuid = {A8968D22-63E7-4CC7-B92F-0F19A7A3B2F3}
	EndGlobalSection
EndGlobal
